// !$*UTF8*$!
{
	archiveVersion = 1;
	classes = {
	};
	objectVersion = 46;
	objects = {

/* Begin PBXBuildFile section */
		ED266E8F1DF9941F0083E31F /* Images.xcassets in Resources */ = {isa = PBXBuildFile; fileRef = ED266E8E1DF9941F0083E31F /* Images.xcassets */; };
		ED3DB52B1DEA8C490030B3BC /* AppDelegate.swift in Sources */ = {isa = PBXBuildFile; fileRef = ED3DB52A1DEA8C490030B3BC /* AppDelegate.swift */; };
		ED3DB5301DEA8C490030B3BC /* Main.storyboard in Resources */ = {isa = PBXBuildFile; fileRef = ED3DB52E1DEA8C490030B3BC /* Main.storyboard */; };
		ED3DB5551DEA8D410030B3BC /* GlobalConfig.swift in Sources */ = {isa = PBXBuildFile; fileRef = ED3DB5541DEA8D410030B3BC /* GlobalConfig.swift */; };
		ED3DB5571DEA8D910030B3BC /* BaseViewController.swift in Sources */ = {isa = PBXBuildFile; fileRef = ED3DB5561DEA8D910030B3BC /* BaseViewController.swift */; };
		ED3DB55D1DEA9D040030B3BC /* UIViewextension.swift in Sources */ = {isa = PBXBuildFile; fileRef = ED3DB55C1DEA9D040030B3BC /* UIViewextension.swift */; };
		ED3DC5741E31E340008CA172 /* LLRegisterViewController.swift in Sources */ = {isa = PBXBuildFile; fileRef = ED3DC5731E31E340008CA172 /* LLRegisterViewController.swift */; };
		ED3DC5791E31F3C3008CA172 /* ZYAnimationLayer.m in Sources */ = {isa = PBXBuildFile; fileRef = ED3DC5771E31F3C3008CA172 /* ZYAnimationLayer.m */; };
		ED420D511E4C4E7300C0EB4E /* LLBaseTableView.swift in Sources */ = {isa = PBXBuildFile; fileRef = ED420D501E4C4E7300C0EB4E /* LLBaseTableView.swift */; };
		ED420D531E4C4F0D00C0EB4E /* LLBaseCollectionView.swift in Sources */ = {isa = PBXBuildFile; fileRef = ED420D521E4C4F0D00C0EB4E /* LLBaseCollectionView.swift */; };
		ED420D811E4C500D00C0EB4E /* MJRefreshAutoFooter.m in Sources */ = {isa = PBXBuildFile; fileRef = ED420D551E4C500D00C0EB4E /* MJRefreshAutoFooter.m */; };
		ED420D821E4C500D00C0EB4E /* MJRefreshBackFooter.m in Sources */ = {isa = PBXBuildFile; fileRef = ED420D571E4C500D00C0EB4E /* MJRefreshBackFooter.m */; };
		ED420D831E4C500D00C0EB4E /* MJRefreshComponent.m in Sources */ = {isa = PBXBuildFile; fileRef = ED420D591E4C500D00C0EB4E /* MJRefreshComponent.m */; };
		ED420D841E4C500D00C0EB4E /* MJRefreshFooter.m in Sources */ = {isa = PBXBuildFile; fileRef = ED420D5B1E4C500D00C0EB4E /* MJRefreshFooter.m */; };
		ED420D851E4C500D00C0EB4E /* MJRefreshHeader.m in Sources */ = {isa = PBXBuildFile; fileRef = ED420D5D1E4C500D00C0EB4E /* MJRefreshHeader.m */; };
		ED420D861E4C500D00C0EB4E /* MJRefreshAutoGifFooter.m in Sources */ = {isa = PBXBuildFile; fileRef = ED420D601E4C500D00C0EB4E /* MJRefreshAutoGifFooter.m */; };
		ED420D871E4C500D00C0EB4E /* MJRefreshAutoNormalFooter.m in Sources */ = {isa = PBXBuildFile; fileRef = ED420D621E4C500D00C0EB4E /* MJRefreshAutoNormalFooter.m */; };
		ED420D881E4C500D00C0EB4E /* MJRefreshAutoStateFooter.m in Sources */ = {isa = PBXBuildFile; fileRef = ED420D641E4C500D00C0EB4E /* MJRefreshAutoStateFooter.m */; };
		ED420D891E4C500D00C0EB4E /* MJRefreshBackGifFooter.m in Sources */ = {isa = PBXBuildFile; fileRef = ED420D671E4C500D00C0EB4E /* MJRefreshBackGifFooter.m */; };
		ED420D8A1E4C500D00C0EB4E /* MJRefreshBackNormalFooter.m in Sources */ = {isa = PBXBuildFile; fileRef = ED420D691E4C500D00C0EB4E /* MJRefreshBackNormalFooter.m */; };
		ED420D8B1E4C500D00C0EB4E /* MJRefreshBackStateFooter.m in Sources */ = {isa = PBXBuildFile; fileRef = ED420D6B1E4C500D00C0EB4E /* MJRefreshBackStateFooter.m */; };
		ED420D8C1E4C500D00C0EB4E /* MJRefreshGifHeader.m in Sources */ = {isa = PBXBuildFile; fileRef = ED420D6F1E4C500D00C0EB4E /* MJRefreshGifHeader.m */; };
		ED420D8D1E4C500E00C0EB4E /* MJRefreshNormalHeader.m in Sources */ = {isa = PBXBuildFile; fileRef = ED420D711E4C500D00C0EB4E /* MJRefreshNormalHeader.m */; };
		ED420D8E1E4C500E00C0EB4E /* MJRefreshStateHeader.m in Sources */ = {isa = PBXBuildFile; fileRef = ED420D731E4C500D00C0EB4E /* MJRefreshStateHeader.m */; };
		ED420D8F1E4C500E00C0EB4E /* MJRefresh.bundle in Resources */ = {isa = PBXBuildFile; fileRef = ED420D761E4C500D00C0EB4E /* MJRefresh.bundle */; };
		ED420D901E4C500E00C0EB4E /* MJRefreshConst.m in Sources */ = {isa = PBXBuildFile; fileRef = ED420D791E4C500D00C0EB4E /* MJRefreshConst.m */; };
		ED420D911E4C500E00C0EB4E /* UIScrollView+MJExtension.m in Sources */ = {isa = PBXBuildFile; fileRef = ED420D7B1E4C500D00C0EB4E /* UIScrollView+MJExtension.m */; };
		ED420D921E4C500E00C0EB4E /* UIScrollView+MJRefresh.m in Sources */ = {isa = PBXBuildFile; fileRef = ED420D7D1E4C500D00C0EB4E /* UIScrollView+MJRefresh.m */; };
		ED420D931E4C500E00C0EB4E /* UIView+MJExtension.m in Sources */ = {isa = PBXBuildFile; fileRef = ED420D7F1E4C500D00C0EB4E /* UIView+MJExtension.m */; };
		ED420D961E4C504F00C0EB4E /* LLRefreshView.swift in Sources */ = {isa = PBXBuildFile; fileRef = ED420D951E4C504F00C0EB4E /* LLRefreshView.swift */; };
		ED441D501E02812C00B84AD4 /* LLCurrentUser.swift in Sources */ = {isa = PBXBuildFile; fileRef = ED441D4F1E02812C00B84AD4 /* LLCurrentUser.swift */; };
		ED59FB511E2EFF8100216063 /* LLLoginViewController.swift in Sources */ = {isa = PBXBuildFile; fileRef = ED59FB4F1E2EFF8100216063 /* LLLoginViewController.swift */; };
		ED59FB581E2EFFA800216063 /* String+extension.swift in Sources */ = {isa = PBXBuildFile; fileRef = ED59FB531E2EFFA800216063 /* String+extension.swift */; };
		ED59FB591E2EFFA800216063 /* UIBarButtonItem+extension.swift in Sources */ = {isa = PBXBuildFile; fileRef = ED59FB541E2EFFA800216063 /* UIBarButtonItem+extension.swift */; };
		ED59FB5A1E2EFFA800216063 /* UIColor+extension.swift in Sources */ = {isa = PBXBuildFile; fileRef = ED59FB551E2EFFA800216063 /* UIColor+extension.swift */; };
		ED59FB5B1E2EFFA800216063 /* UIDevice+extension.swift in Sources */ = {isa = PBXBuildFile; fileRef = ED59FB561E2EFFA800216063 /* UIDevice+extension.swift */; };
		ED59FB5C1E2EFFA800216063 /* UIImage+extension.swift in Sources */ = {isa = PBXBuildFile; fileRef = ED59FB571E2EFFA800216063 /* UIImage+extension.swift */; };
		ED59FB5E1E2EFFC900216063 /* LLUser.swift in Sources */ = {isa = PBXBuildFile; fileRef = ED59FB5D1E2EFFC900216063 /* LLUser.swift */; };
		ED59FB601E2EFFD600216063 /* UIButton+extension.swift in Sources */ = {isa = PBXBuildFile; fileRef = ED59FB5F1E2EFFD600216063 /* UIButton+extension.swift */; };
		ED59FB621E2F00BF00216063 /* BaseNaVgationController.swift in Sources */ = {isa = PBXBuildFile; fileRef = ED59FB611E2F00BF00216063 /* BaseNaVgationController.swift */; };
		ED59FB641E2F036B00216063 /* LLLoginView.swift in Sources */ = {isa = PBXBuildFile; fileRef = ED59FB631E2F036B00216063 /* LLLoginView.swift */; };
		ED59FB661E2F037F00216063 /* LLLoginViewController.xib in Resources */ = {isa = PBXBuildFile; fileRef = ED59FB651E2F037F00216063 /* LLLoginViewController.xib */; };
		ED8A9D011E2F5FEF001A2EC8 /* AkiraTextField.swift in Sources */ = {isa = PBXBuildFile; fileRef = ED8A9CF51E2F5FEF001A2EC8 /* AkiraTextField.swift */; };
		ED8A9D021E2F5FEF001A2EC8 /* HoshiTextField.swift in Sources */ = {isa = PBXBuildFile; fileRef = ED8A9CF61E2F5FEF001A2EC8 /* HoshiTextField.swift */; };
		ED8A9D031E2F5FEF001A2EC8 /* Info.plist in Resources */ = {isa = PBXBuildFile; fileRef = ED8A9CF71E2F5FEF001A2EC8 /* Info.plist */; };
		ED8A9D041E2F5FEF001A2EC8 /* IsaoTextField.swift in Sources */ = {isa = PBXBuildFile; fileRef = ED8A9CF81E2F5FEF001A2EC8 /* IsaoTextField.swift */; };
		ED8A9D051E2F5FEF001A2EC8 /* JiroTextField.swift in Sources */ = {isa = PBXBuildFile; fileRef = ED8A9CF91E2F5FEF001A2EC8 /* JiroTextField.swift */; };
		ED8A9D061E2F5FEF001A2EC8 /* KaedeTextField.swift in Sources */ = {isa = PBXBuildFile; fileRef = ED8A9CFA1E2F5FEF001A2EC8 /* KaedeTextField.swift */; };
		ED8A9D071E2F5FEF001A2EC8 /* MadokaTextField.swift in Sources */ = {isa = PBXBuildFile; fileRef = ED8A9CFB1E2F5FEF001A2EC8 /* MadokaTextField.swift */; };
		ED8A9D081E2F5FEF001A2EC8 /* MinoruTextField.swift in Sources */ = {isa = PBXBuildFile; fileRef = ED8A9CFC1E2F5FEF001A2EC8 /* MinoruTextField.swift */; };
		ED8A9D091E2F5FEF001A2EC8 /* TextFieldsEffects.swift in Sources */ = {isa = PBXBuildFile; fileRef = ED8A9CFE1E2F5FEF001A2EC8 /* TextFieldsEffects.swift */; };
		ED8A9D0A1E2F5FEF001A2EC8 /* YokoTextField.swift in Sources */ = {isa = PBXBuildFile; fileRef = ED8A9CFF1E2F5FEF001A2EC8 /* YokoTextField.swift */; };
		ED8A9D0B1E2F5FEF001A2EC8 /* YoshikoTextField.swift in Sources */ = {isa = PBXBuildFile; fileRef = ED8A9D001E2F5FEF001A2EC8 /* YoshikoTextField.swift */; };
		EDA402321E24D00C00E00CCE /* LLAnimationTabBarController.swift in Sources */ = {isa = PBXBuildFile; fileRef = EDA402311E24D00C00E00CCE /* LLAnimationTabBarController.swift */; };
		EDDD54AF1E25EDDA00E3DC1F /* LLMainTabarController.swift in Sources */ = {isa = PBXBuildFile; fileRef = EDDD54AE1E25EDDA00E3DC1F /* LLMainTabarController.swift */; };
		EDF88B391E4D62AF0034CAAF /* Launch Screen.storyboard in Resources */ = {isa = PBXBuildFile; fileRef = EDF88B381E4D62AF0034CAAF /* Launch Screen.storyboard */; };
		EDF88B3B1E4D67320034CAAF /* LLTVListViewController.swift in Sources */ = {isa = PBXBuildFile; fileRef = EDF88B3A1E4D67320034CAAF /* LLTVListViewController.swift */; };
		EDF88B3D1E4D67C50034CAAF /* LLAcountViewController.swift in Sources */ = {isa = PBXBuildFile; fileRef = EDF88B3C1E4D67C50034CAAF /* LLAcountViewController.swift */; };
/* End PBXBuildFile section */

/* Begin PBXFileReference section */
		ED266E8E1DF9941F0083E31F /* Images.xcassets */ = {isa = PBXFileReference; lastKnownFileType = folder.assetcatalog; path = Images.xcassets; sourceTree = "<group>"; };
		ED3DB5271DEA8C490030B3BC /* LLTVShow.app */ = {isa = PBXFileReference; explicitFileType = wrapper.application; includeInIndex = 0; path = LLTVShow.app; sourceTree = BUILT_PRODUCTS_DIR; };
		ED3DB52A1DEA8C490030B3BC /* AppDelegate.swift */ = {isa = PBXFileReference; lastKnownFileType = sourcecode.swift; name = AppDelegate.swift; path = ../LLTVShow/AppDelegate.swift; sourceTree = "<group>"; };
		ED3DB52F1DEA8C490030B3BC /* Base */ = {isa = PBXFileReference; lastKnownFileType = file.storyboard; name = Base; path = Base.lproj/Main.storyboard; sourceTree = "<group>"; };
		ED3DB5361DEA8C490030B3BC /* Info.plist */ = {isa = PBXFileReference; lastKnownFileType = text.plist.xml; path = Info.plist; sourceTree = "<group>"; };
		ED3DB5501DEA8D060030B3BC /* LLTVShow-Bridging-Header.h */ = {isa = PBXFileReference; lastKnownFileType = sourcecode.c.h; path = "LLTVShow-Bridging-Header.h"; sourceTree = SOURCE_ROOT; };
		ED3DB5541DEA8D410030B3BC /* GlobalConfig.swift */ = {isa = PBXFileReference; fileEncoding = 4; lastKnownFileType = sourcecode.swift; path = GlobalConfig.swift; sourceTree = "<group>"; };
		ED3DB5561DEA8D910030B3BC /* BaseViewController.swift */ = {isa = PBXFileReference; fileEncoding = 4; lastKnownFileType = sourcecode.swift; path = BaseViewController.swift; sourceTree = "<group>"; };
		ED3DB55C1DEA9D040030B3BC /* UIViewextension.swift */ = {isa = PBXFileReference; fileEncoding = 4; lastKnownFileType = sourcecode.swift; path = UIViewextension.swift; sourceTree = "<group>"; };
		ED3DC5731E31E340008CA172 /* LLRegisterViewController.swift */ = {isa = PBXFileReference; fileEncoding = 4; lastKnownFileType = sourcecode.swift; path = LLRegisterViewController.swift; sourceTree = "<group>"; };
		ED3DC5761E31F3C3008CA172 /* ZYAnimationLayer.h */ = {isa = PBXFileReference; fileEncoding = 4; lastKnownFileType = sourcecode.c.h; path = ZYAnimationLayer.h; sourceTree = "<group>"; };
		ED3DC5771E31F3C3008CA172 /* ZYAnimationLayer.m */ = {isa = PBXFileReference; fileEncoding = 4; lastKnownFileType = sourcecode.c.objc; path = ZYAnimationLayer.m; sourceTree = "<group>"; };
		ED420D501E4C4E7300C0EB4E /* LLBaseTableView.swift */ = {isa = PBXFileReference; fileEncoding = 4; lastKnownFileType = sourcecode.swift; path = LLBaseTableView.swift; sourceTree = "<group>"; };
		ED420D521E4C4F0D00C0EB4E /* LLBaseCollectionView.swift */ = {isa = PBXFileReference; fileEncoding = 4; lastKnownFileType = sourcecode.swift; path = LLBaseCollectionView.swift; sourceTree = "<group>"; };
		ED420D541E4C500D00C0EB4E /* MJRefreshAutoFooter.h */ = {isa = PBXFileReference; fileEncoding = 4; lastKnownFileType = sourcecode.c.h; path = MJRefreshAutoFooter.h; sourceTree = "<group>"; };
		ED420D551E4C500D00C0EB4E /* MJRefreshAutoFooter.m */ = {isa = PBXFileReference; fileEncoding = 4; lastKnownFileType = sourcecode.c.objc; path = MJRefreshAutoFooter.m; sourceTree = "<group>"; };
		ED420D561E4C500D00C0EB4E /* MJRefreshBackFooter.h */ = {isa = PBXFileReference; fileEncoding = 4; lastKnownFileType = sourcecode.c.h; path = MJRefreshBackFooter.h; sourceTree = "<group>"; };
		ED420D571E4C500D00C0EB4E /* MJRefreshBackFooter.m */ = {isa = PBXFileReference; fileEncoding = 4; lastKnownFileType = sourcecode.c.objc; path = MJRefreshBackFooter.m; sourceTree = "<group>"; };
		ED420D581E4C500D00C0EB4E /* MJRefreshComponent.h */ = {isa = PBXFileReference; fileEncoding = 4; lastKnownFileType = sourcecode.c.h; path = MJRefreshComponent.h; sourceTree = "<group>"; };
		ED420D591E4C500D00C0EB4E /* MJRefreshComponent.m */ = {isa = PBXFileReference; fileEncoding = 4; lastKnownFileType = sourcecode.c.objc; path = MJRefreshComponent.m; sourceTree = "<group>"; };
		ED420D5A1E4C500D00C0EB4E /* MJRefreshFooter.h */ = {isa = PBXFileReference; fileEncoding = 4; lastKnownFileType = sourcecode.c.h; path = MJRefreshFooter.h; sourceTree = "<group>"; };
		ED420D5B1E4C500D00C0EB4E /* MJRefreshFooter.m */ = {isa = PBXFileReference; fileEncoding = 4; lastKnownFileType = sourcecode.c.objc; path = MJRefreshFooter.m; sourceTree = "<group>"; };
		ED420D5C1E4C500D00C0EB4E /* MJRefreshHeader.h */ = {isa = PBXFileReference; fileEncoding = 4; lastKnownFileType = sourcecode.c.h; path = MJRefreshHeader.h; sourceTree = "<group>"; };
		ED420D5D1E4C500D00C0EB4E /* MJRefreshHeader.m */ = {isa = PBXFileReference; fileEncoding = 4; lastKnownFileType = sourcecode.c.objc; path = MJRefreshHeader.m; sourceTree = "<group>"; };
		ED420D5F1E4C500D00C0EB4E /* MJRefreshAutoGifFooter.h */ = {isa = PBXFileReference; fileEncoding = 4; lastKnownFileType = sourcecode.c.h; path = MJRefreshAutoGifFooter.h; sourceTree = "<group>"; };
		ED420D601E4C500D00C0EB4E /* MJRefreshAutoGifFooter.m */ = {isa = PBXFileReference; fileEncoding = 4; lastKnownFileType = sourcecode.c.objc; path = MJRefreshAutoGifFooter.m; sourceTree = "<group>"; };
		ED420D611E4C500D00C0EB4E /* MJRefreshAutoNormalFooter.h */ = {isa = PBXFileReference; fileEncoding = 4; lastKnownFileType = sourcecode.c.h; path = MJRefreshAutoNormalFooter.h; sourceTree = "<group>"; };
		ED420D621E4C500D00C0EB4E /* MJRefreshAutoNormalFooter.m */ = {isa = PBXFileReference; fileEncoding = 4; lastKnownFileType = sourcecode.c.objc; path = MJRefreshAutoNormalFooter.m; sourceTree = "<group>"; };
		ED420D631E4C500D00C0EB4E /* MJRefreshAutoStateFooter.h */ = {isa = PBXFileReference; fileEncoding = 4; lastKnownFileType = sourcecode.c.h; path = MJRefreshAutoStateFooter.h; sourceTree = "<group>"; };
		ED420D641E4C500D00C0EB4E /* MJRefreshAutoStateFooter.m */ = {isa = PBXFileReference; fileEncoding = 4; lastKnownFileType = sourcecode.c.objc; path = MJRefreshAutoStateFooter.m; sourceTree = "<group>"; };
		ED420D661E4C500D00C0EB4E /* MJRefreshBackGifFooter.h */ = {isa = PBXFileReference; fileEncoding = 4; lastKnownFileType = sourcecode.c.h; path = MJRefreshBackGifFooter.h; sourceTree = "<group>"; };
		ED420D671E4C500D00C0EB4E /* MJRefreshBackGifFooter.m */ = {isa = PBXFileReference; fileEncoding = 4; lastKnownFileType = sourcecode.c.objc; path = MJRefreshBackGifFooter.m; sourceTree = "<group>"; };
		ED420D681E4C500D00C0EB4E /* MJRefreshBackNormalFooter.h */ = {isa = PBXFileReference; fileEncoding = 4; lastKnownFileType = sourcecode.c.h; path = MJRefreshBackNormalFooter.h; sourceTree = "<group>"; };
		ED420D691E4C500D00C0EB4E /* MJRefreshBackNormalFooter.m */ = {isa = PBXFileReference; fileEncoding = 4; lastKnownFileType = sourcecode.c.objc; path = MJRefreshBackNormalFooter.m; sourceTree = "<group>"; };
		ED420D6A1E4C500D00C0EB4E /* MJRefreshBackStateFooter.h */ = {isa = PBXFileReference; fileEncoding = 4; lastKnownFileType = sourcecode.c.h; path = MJRefreshBackStateFooter.h; sourceTree = "<group>"; };
		ED420D6B1E4C500D00C0EB4E /* MJRefreshBackStateFooter.m */ = {isa = PBXFileReference; fileEncoding = 4; lastKnownFileType = sourcecode.c.objc; path = MJRefreshBackStateFooter.m; sourceTree = "<group>"; };
		ED420D6E1E4C500D00C0EB4E /* MJRefreshGifHeader.h */ = {isa = PBXFileReference; fileEncoding = 4; lastKnownFileType = sourcecode.c.h; path = MJRefreshGifHeader.h; sourceTree = "<group>"; };
		ED420D6F1E4C500D00C0EB4E /* MJRefreshGifHeader.m */ = {isa = PBXFileReference; fileEncoding = 4; lastKnownFileType = sourcecode.c.objc; path = MJRefreshGifHeader.m; sourceTree = "<group>"; };
		ED420D701E4C500D00C0EB4E /* MJRefreshNormalHeader.h */ = {isa = PBXFileReference; fileEncoding = 4; lastKnownFileType = sourcecode.c.h; path = MJRefreshNormalHeader.h; sourceTree = "<group>"; };
		ED420D711E4C500D00C0EB4E /* MJRefreshNormalHeader.m */ = {isa = PBXFileReference; fileEncoding = 4; lastKnownFileType = sourcecode.c.objc; path = MJRefreshNormalHeader.m; sourceTree = "<group>"; };
		ED420D721E4C500D00C0EB4E /* MJRefreshStateHeader.h */ = {isa = PBXFileReference; fileEncoding = 4; lastKnownFileType = sourcecode.c.h; path = MJRefreshStateHeader.h; sourceTree = "<group>"; };
		ED420D731E4C500D00C0EB4E /* MJRefreshStateHeader.m */ = {isa = PBXFileReference; fileEncoding = 4; lastKnownFileType = sourcecode.c.objc; path = MJRefreshStateHeader.m; sourceTree = "<group>"; };
		ED420D761E4C500D00C0EB4E /* MJRefresh.bundle */ = {isa = PBXFileReference; lastKnownFileType = "wrapper.plug-in"; path = MJRefresh.bundle; sourceTree = "<group>"; };
		ED420D771E4C500D00C0EB4E /* MJRefresh.h */ = {isa = PBXFileReference; fileEncoding = 4; lastKnownFileType = sourcecode.c.h; path = MJRefresh.h; sourceTree = "<group>"; };
		ED420D781E4C500D00C0EB4E /* MJRefreshConst.h */ = {isa = PBXFileReference; fileEncoding = 4; lastKnownFileType = sourcecode.c.h; path = MJRefreshConst.h; sourceTree = "<group>"; };
		ED420D791E4C500D00C0EB4E /* MJRefreshConst.m */ = {isa = PBXFileReference; fileEncoding = 4; lastKnownFileType = sourcecode.c.objc; path = MJRefreshConst.m; sourceTree = "<group>"; };
		ED420D7A1E4C500D00C0EB4E /* UIScrollView+MJExtension.h */ = {isa = PBXFileReference; fileEncoding = 4; lastKnownFileType = sourcecode.c.h; path = "UIScrollView+MJExtension.h"; sourceTree = "<group>"; };
		ED420D7B1E4C500D00C0EB4E /* UIScrollView+MJExtension.m */ = {isa = PBXFileReference; fileEncoding = 4; lastKnownFileType = sourcecode.c.objc; path = "UIScrollView+MJExtension.m"; sourceTree = "<group>"; };
		ED420D7C1E4C500D00C0EB4E /* UIScrollView+MJRefresh.h */ = {isa = PBXFileReference; fileEncoding = 4; lastKnownFileType = sourcecode.c.h; path = "UIScrollView+MJRefresh.h"; sourceTree = "<group>"; };
		ED420D7D1E4C500D00C0EB4E /* UIScrollView+MJRefresh.m */ = {isa = PBXFileReference; fileEncoding = 4; lastKnownFileType = sourcecode.c.objc; path = "UIScrollView+MJRefresh.m"; sourceTree = "<group>"; };
		ED420D7E1E4C500D00C0EB4E /* UIView+MJExtension.h */ = {isa = PBXFileReference; fileEncoding = 4; lastKnownFileType = sourcecode.c.h; path = "UIView+MJExtension.h"; sourceTree = "<group>"; };
		ED420D7F1E4C500D00C0EB4E /* UIView+MJExtension.m */ = {isa = PBXFileReference; fileEncoding = 4; lastKnownFileType = sourcecode.c.objc; path = "UIView+MJExtension.m"; sourceTree = "<group>"; };
		ED420D951E4C504F00C0EB4E /* LLRefreshView.swift */ = {isa = PBXFileReference; fileEncoding = 4; lastKnownFileType = sourcecode.swift; path = LLRefreshView.swift; sourceTree = "<group>"; };
		ED441D4F1E02812C00B84AD4 /* LLCurrentUser.swift */ = {isa = PBXFileReference; fileEncoding = 4; lastKnownFileType = sourcecode.swift; path = LLCurrentUser.swift; sourceTree = "<group>"; };
		ED59FB4F1E2EFF8100216063 /* LLLoginViewController.swift */ = {isa = PBXFileReference; fileEncoding = 4; lastKnownFileType = sourcecode.swift; path = LLLoginViewController.swift; sourceTree = "<group>"; };
		ED59FB531E2EFFA800216063 /* String+extension.swift */ = {isa = PBXFileReference; fileEncoding = 4; lastKnownFileType = sourcecode.swift; path = "String+extension.swift"; sourceTree = "<group>"; };
		ED59FB541E2EFFA800216063 /* UIBarButtonItem+extension.swift */ = {isa = PBXFileReference; fileEncoding = 4; lastKnownFileType = sourcecode.swift; path = "UIBarButtonItem+extension.swift"; sourceTree = "<group>"; };
		ED59FB551E2EFFA800216063 /* UIColor+extension.swift */ = {isa = PBXFileReference; fileEncoding = 4; lastKnownFileType = sourcecode.swift; path = "UIColor+extension.swift"; sourceTree = "<group>"; };
		ED59FB561E2EFFA800216063 /* UIDevice+extension.swift */ = {isa = PBXFileReference; fileEncoding = 4; lastKnownFileType = sourcecode.swift; path = "UIDevice+extension.swift"; sourceTree = "<group>"; };
		ED59FB571E2EFFA800216063 /* UIImage+extension.swift */ = {isa = PBXFileReference; fileEncoding = 4; lastKnownFileType = sourcecode.swift; path = "UIImage+extension.swift"; sourceTree = "<group>"; };
		ED59FB5D1E2EFFC900216063 /* LLUser.swift */ = {isa = PBXFileReference; fileEncoding = 4; lastKnownFileType = sourcecode.swift; path = LLUser.swift; sourceTree = "<group>"; };
		ED59FB5F1E2EFFD600216063 /* UIButton+extension.swift */ = {isa = PBXFileReference; fileEncoding = 4; lastKnownFileType = sourcecode.swift; path = "UIButton+extension.swift"; sourceTree = "<group>"; };
		ED59FB611E2F00BF00216063 /* BaseNaVgationController.swift */ = {isa = PBXFileReference; fileEncoding = 4; lastKnownFileType = sourcecode.swift; path = BaseNaVgationController.swift; sourceTree = "<group>"; };
		ED59FB631E2F036B00216063 /* LLLoginView.swift */ = {isa = PBXFileReference; fileEncoding = 4; lastKnownFileType = sourcecode.swift; path = LLLoginView.swift; sourceTree = "<group>"; };
		ED59FB651E2F037F00216063 /* LLLoginViewController.xib */ = {isa = PBXFileReference; fileEncoding = 4; lastKnownFileType = file.xib; name = LLLoginViewController.xib; path = ../View/LLLoginViewController.xib; sourceTree = "<group>"; };
		ED8A9CF51E2F5FEF001A2EC8 /* AkiraTextField.swift */ = {isa = PBXFileReference; fileEncoding = 4; lastKnownFileType = sourcecode.swift; path = AkiraTextField.swift; sourceTree = "<group>"; };
		ED8A9CF61E2F5FEF001A2EC8 /* HoshiTextField.swift */ = {isa = PBXFileReference; fileEncoding = 4; lastKnownFileType = sourcecode.swift; path = HoshiTextField.swift; sourceTree = "<group>"; };
		ED8A9CF71E2F5FEF001A2EC8 /* Info.plist */ = {isa = PBXFileReference; fileEncoding = 4; lastKnownFileType = text.plist.xml; path = Info.plist; sourceTree = "<group>"; };
		ED8A9CF81E2F5FEF001A2EC8 /* IsaoTextField.swift */ = {isa = PBXFileReference; fileEncoding = 4; lastKnownFileType = sourcecode.swift; path = IsaoTextField.swift; sourceTree = "<group>"; };
		ED8A9CF91E2F5FEF001A2EC8 /* JiroTextField.swift */ = {isa = PBXFileReference; fileEncoding = 4; lastKnownFileType = sourcecode.swift; path = JiroTextField.swift; sourceTree = "<group>"; };
		ED8A9CFA1E2F5FEF001A2EC8 /* KaedeTextField.swift */ = {isa = PBXFileReference; fileEncoding = 4; lastKnownFileType = sourcecode.swift; path = KaedeTextField.swift; sourceTree = "<group>"; };
		ED8A9CFB1E2F5FEF001A2EC8 /* MadokaTextField.swift */ = {isa = PBXFileReference; fileEncoding = 4; lastKnownFileType = sourcecode.swift; path = MadokaTextField.swift; sourceTree = "<group>"; };
		ED8A9CFC1E2F5FEF001A2EC8 /* MinoruTextField.swift */ = {isa = PBXFileReference; fileEncoding = 4; lastKnownFileType = sourcecode.swift; path = MinoruTextField.swift; sourceTree = "<group>"; };
		ED8A9CFD1E2F5FEF001A2EC8 /* TextFieldEffects.h */ = {isa = PBXFileReference; fileEncoding = 4; lastKnownFileType = sourcecode.c.h; path = TextFieldEffects.h; sourceTree = "<group>"; };
		ED8A9CFE1E2F5FEF001A2EC8 /* TextFieldsEffects.swift */ = {isa = PBXFileReference; fileEncoding = 4; lastKnownFileType = sourcecode.swift; path = TextFieldsEffects.swift; sourceTree = "<group>"; };
		ED8A9CFF1E2F5FEF001A2EC8 /* YokoTextField.swift */ = {isa = PBXFileReference; fileEncoding = 4; lastKnownFileType = sourcecode.swift; path = YokoTextField.swift; sourceTree = "<group>"; };
		ED8A9D001E2F5FEF001A2EC8 /* YoshikoTextField.swift */ = {isa = PBXFileReference; fileEncoding = 4; lastKnownFileType = sourcecode.swift; path = YoshikoTextField.swift; sourceTree = "<group>"; };
		EDA402311E24D00C00E00CCE /* LLAnimationTabBarController.swift */ = {isa = PBXFileReference; fileEncoding = 4; lastKnownFileType = sourcecode.swift; path = LLAnimationTabBarController.swift; sourceTree = "<group>"; };
		EDDD54AE1E25EDDA00E3DC1F /* LLMainTabarController.swift */ = {isa = PBXFileReference; fileEncoding = 4; lastKnownFileType = sourcecode.swift; path = LLMainTabarController.swift; sourceTree = "<group>"; };
		EDF88B381E4D62AF0034CAAF /* Launch Screen.storyboard */ = {isa = PBXFileReference; fileEncoding = 4; lastKnownFileType = file.storyboard; path = "Launch Screen.storyboard"; sourceTree = "<group>"; };
		EDF88B3A1E4D67320034CAAF /* LLTVListViewController.swift */ = {isa = PBXFileReference; fileEncoding = 4; lastKnownFileType = sourcecode.swift; path = LLTVListViewController.swift; sourceTree = "<group>"; };
		EDF88B3C1E4D67C50034CAAF /* LLAcountViewController.swift */ = {isa = PBXFileReference; fileEncoding = 4; lastKnownFileType = sourcecode.swift; path = LLAcountViewController.swift; sourceTree = "<group>"; };
/* End PBXFileReference section */

/* Begin PBXFrameworksBuildPhase section */
		ED3DB5241DEA8C490030B3BC /* Frameworks */ = {
			isa = PBXFrameworksBuildPhase;
			buildActionMask = 2147483647;
			files = (
			);
			runOnlyForDeploymentPostprocessing = 0;
		};
/* End PBXFrameworksBuildPhase section */

/* Begin PBXGroup section */
		ED3DB51E1DEA8C490030B3BC = {
			isa = PBXGroup;
			children = (
				ED420D941E4C503800C0EB4E /* 下拉刷新 */,
				ED420D801E4C500D00C0EB4E /* MJRefresh */,
				EDA402301E24CFAE00E00CCE /* 控制器动画 */,
				ED3DB5481DEA8C890030B3BC /* 工具 */,
				ED3DB5491DEA8C890030B3BC /* 扩展 */,
				ED3DB54A1DEA8C890030B3BC /* 全局 */,
				ED3DB54B1DEA8C890030B3BC /* 资源 */,
				ED3DB54C1DEA8C890030B3BC /* Controller */,
				ED3DB54D1DEA8C890030B3BC /* Model */,
				ED3DB54E1DEA8C890030B3BC /* Otherframe */,
				ED3DB54F1DEA8C890030B3BC /* View */,
				ED3DB5291DEA8C490030B3BC /* LLTVShow */,
				ED3DB5281DEA8C490030B3BC /* Products */,
			);
			sourceTree = "<group>";
		};
		ED3DB5281DEA8C490030B3BC /* Products */ = {
			isa = PBXGroup;
			children = (
				ED3DB5271DEA8C490030B3BC /* LLTVShow.app */,
			);
			name = Products;
			sourceTree = "<group>";
		};
		ED3DB5291DEA8C490030B3BC /* LLTVShow */ = {
			isa = PBXGroup;
			children = (
				ED3DB5501DEA8D060030B3BC /* LLTVShow-Bridging-Header.h */,
				ED3DB52E1DEA8C490030B3BC /* Main.storyboard */,
				ED3DB5361DEA8C490030B3BC /* Info.plist */,
				ED266E8E1DF9941F0083E31F /* Images.xcassets */,
				EDF88B381E4D62AF0034CAAF /* Launch Screen.storyboard */,
			);
			path = LLTVShow;
			sourceTree = "<group>";
		};
		ED3DB5481DEA8C890030B3BC /* 工具 */ = {
			isa = PBXGroup;
			children = (
			);
			path = "工具";
			sourceTree = "<group>";
		};
		ED3DB5491DEA8C890030B3BC /* 扩展 */ = {
			isa = PBXGroup;
			children = (
				ED59FB5F1E2EFFD600216063 /* UIButton+extension.swift */,
				ED3DB55C1DEA9D040030B3BC /* UIViewextension.swift */,
				ED59FB531E2EFFA800216063 /* String+extension.swift */,
				ED59FB541E2EFFA800216063 /* UIBarButtonItem+extension.swift */,
				ED59FB551E2EFFA800216063 /* UIColor+extension.swift */,
				ED59FB561E2EFFA800216063 /* UIDevice+extension.swift */,
				ED59FB571E2EFFA800216063 /* UIImage+extension.swift */,
			);
			path = "扩展";
			sourceTree = "<group>";
		};
		ED3DB54A1DEA8C890030B3BC /* 全局 */ = {
			isa = PBXGroup;
			children = (
				ED3DB52A1DEA8C490030B3BC /* AppDelegate.swift */,
				ED3DB5541DEA8D410030B3BC /* GlobalConfig.swift */,
				ED441D4F1E02812C00B84AD4 /* LLCurrentUser.swift */,
			);
			path = "全局";
			sourceTree = "<group>";
		};
		ED3DB54B1DEA8C890030B3BC /* 资源 */ = {
			isa = PBXGroup;
			children = (
			);
			path = "资源";
			sourceTree = "<group>";
		};
		ED3DB54C1DEA8C890030B3BC /* Controller */ = {
			isa = PBXGroup;
			children = (
				ED59FB4F1E2EFF8100216063 /* LLLoginViewController.swift */,
				ED59FB651E2F037F00216063 /* LLLoginViewController.xib */,
				ED59FB611E2F00BF00216063 /* BaseNaVgationController.swift */,
				ED3DB5561DEA8D910030B3BC /* BaseViewController.swift */,
				ED3DC5731E31E340008CA172 /* LLRegisterViewController.swift */,
				EDF88B3A1E4D67320034CAAF /* LLTVListViewController.swift */,
				EDF88B3C1E4D67C50034CAAF /* LLAcountViewController.swift */,
			);
			path = Controller;
			sourceTree = "<group>";
		};
		ED3DB54D1DEA8C890030B3BC /* Model */ = {
			isa = PBXGroup;
			children = (
				ED59FB5D1E2EFFC900216063 /* LLUser.swift */,
			);
			path = Model;
			sourceTree = "<group>";
		};
		ED3DB54E1DEA8C890030B3BC /* Otherframe */ = {
			isa = PBXGroup;
			children = (
			);
			path = Otherframe;
			sourceTree = "<group>";
		};
		ED3DB54F1DEA8C890030B3BC /* View */ = {
			isa = PBXGroup;
			children = (
				ED59FB631E2F036B00216063 /* LLLoginView.swift */,
				ED420D501E4C4E7300C0EB4E /* LLBaseTableView.swift */,
				ED3DC5761E31F3C3008CA172 /* ZYAnimationLayer.h */,
				ED3DC5771E31F3C3008CA172 /* ZYAnimationLayer.m */,
				ED8A9CF41E2F5FEF001A2EC8 /* TextFieldEffects */,
				ED420D521E4C4F0D00C0EB4E /* LLBaseCollectionView.swift */,
			);
			path = View;
			sourceTree = "<group>";
		};
		ED420D5E1E4C500D00C0EB4E /* Base */ = {
			isa = PBXGroup;
			children = (
				ED420D541E4C500D00C0EB4E /* MJRefreshAutoFooter.h */,
				ED420D551E4C500D00C0EB4E /* MJRefreshAutoFooter.m */,
				ED420D561E4C500D00C0EB4E /* MJRefreshBackFooter.h */,
				ED420D571E4C500D00C0EB4E /* MJRefreshBackFooter.m */,
				ED420D581E4C500D00C0EB4E /* MJRefreshComponent.h */,
				ED420D591E4C500D00C0EB4E /* MJRefreshComponent.m */,
				ED420D5A1E4C500D00C0EB4E /* MJRefreshFooter.h */,
				ED420D5B1E4C500D00C0EB4E /* MJRefreshFooter.m */,
				ED420D5C1E4C500D00C0EB4E /* MJRefreshHeader.h */,
				ED420D5D1E4C500D00C0EB4E /* MJRefreshHeader.m */,
			);
			path = Base;
			sourceTree = "<group>";
		};
		ED420D651E4C500D00C0EB4E /* Auto */ = {
			isa = PBXGroup;
			children = (
				ED420D5F1E4C500D00C0EB4E /* MJRefreshAutoGifFooter.h */,
				ED420D601E4C500D00C0EB4E /* MJRefreshAutoGifFooter.m */,
				ED420D611E4C500D00C0EB4E /* MJRefreshAutoNormalFooter.h */,
				ED420D621E4C500D00C0EB4E /* MJRefreshAutoNormalFooter.m */,
				ED420D631E4C500D00C0EB4E /* MJRefreshAutoStateFooter.h */,
				ED420D641E4C500D00C0EB4E /* MJRefreshAutoStateFooter.m */,
			);
			path = Auto;
			sourceTree = "<group>";
		};
		ED420D6C1E4C500D00C0EB4E /* Back */ = {
			isa = PBXGroup;
			children = (
				ED420D661E4C500D00C0EB4E /* MJRefreshBackGifFooter.h */,
				ED420D671E4C500D00C0EB4E /* MJRefreshBackGifFooter.m */,
				ED420D681E4C500D00C0EB4E /* MJRefreshBackNormalFooter.h */,
				ED420D691E4C500D00C0EB4E /* MJRefreshBackNormalFooter.m */,
				ED420D6A1E4C500D00C0EB4E /* MJRefreshBackStateFooter.h */,
				ED420D6B1E4C500D00C0EB4E /* MJRefreshBackStateFooter.m */,
			);
			path = Back;
			sourceTree = "<group>";
		};
		ED420D6D1E4C500D00C0EB4E /* Footer */ = {
			isa = PBXGroup;
			children = (
				ED420D651E4C500D00C0EB4E /* Auto */,
				ED420D6C1E4C500D00C0EB4E /* Back */,
			);
			path = Footer;
			sourceTree = "<group>";
		};
		ED420D741E4C500D00C0EB4E /* Header */ = {
			isa = PBXGroup;
			children = (
				ED420D6E1E4C500D00C0EB4E /* MJRefreshGifHeader.h */,
				ED420D6F1E4C500D00C0EB4E /* MJRefreshGifHeader.m */,
				ED420D701E4C500D00C0EB4E /* MJRefreshNormalHeader.h */,
				ED420D711E4C500D00C0EB4E /* MJRefreshNormalHeader.m */,
				ED420D721E4C500D00C0EB4E /* MJRefreshStateHeader.h */,
				ED420D731E4C500D00C0EB4E /* MJRefreshStateHeader.m */,
			);
			path = Header;
			sourceTree = "<group>";
		};
		ED420D751E4C500D00C0EB4E /* Custom */ = {
			isa = PBXGroup;
			children = (
				ED420D6D1E4C500D00C0EB4E /* Footer */,
				ED420D741E4C500D00C0EB4E /* Header */,
			);
			path = Custom;
			sourceTree = "<group>";
		};
		ED420D801E4C500D00C0EB4E /* MJRefresh */ = {
			isa = PBXGroup;
			children = (
				ED420D5E1E4C500D00C0EB4E /* Base */,
				ED420D751E4C500D00C0EB4E /* Custom */,
				ED420D761E4C500D00C0EB4E /* MJRefresh.bundle */,
				ED420D771E4C500D00C0EB4E /* MJRefresh.h */,
				ED420D781E4C500D00C0EB4E /* MJRefreshConst.h */,
				ED420D791E4C500D00C0EB4E /* MJRefreshConst.m */,
				ED420D7A1E4C500D00C0EB4E /* UIScrollView+MJExtension.h */,
				ED420D7B1E4C500D00C0EB4E /* UIScrollView+MJExtension.m */,
				ED420D7C1E4C500D00C0EB4E /* UIScrollView+MJRefresh.h */,
				ED420D7D1E4C500D00C0EB4E /* UIScrollView+MJRefresh.m */,
				ED420D7E1E4C500D00C0EB4E /* UIView+MJExtension.h */,
				ED420D7F1E4C500D00C0EB4E /* UIView+MJExtension.m */,
			);
			name = MJRefresh;
			path = "../爱鲜蜂仿2次/MJRefresh";
			sourceTree = "<group>";
		};
		ED420D941E4C503800C0EB4E /* 下拉刷新 */ = {
			isa = PBXGroup;
			children = (
				ED420D951E4C504F00C0EB4E /* LLRefreshView.swift */,
			);
			path = "下拉刷新";
			sourceTree = "<group>";
		};
		ED8A9CF41E2F5FEF001A2EC8 /* TextFieldEffects */ = {
			isa = PBXGroup;
			children = (
				ED8A9CF51E2F5FEF001A2EC8 /* AkiraTextField.swift */,
				ED8A9CF61E2F5FEF001A2EC8 /* HoshiTextField.swift */,
				ED8A9CF71E2F5FEF001A2EC8 /* Info.plist */,
				ED8A9CF81E2F5FEF001A2EC8 /* IsaoTextField.swift */,
				ED8A9CF91E2F5FEF001A2EC8 /* JiroTextField.swift */,
				ED8A9CFA1E2F5FEF001A2EC8 /* KaedeTextField.swift */,
				ED8A9CFB1E2F5FEF001A2EC8 /* MadokaTextField.swift */,
				ED8A9CFC1E2F5FEF001A2EC8 /* MinoruTextField.swift */,
				ED8A9CFD1E2F5FEF001A2EC8 /* TextFieldEffects.h */,
				ED8A9CFE1E2F5FEF001A2EC8 /* TextFieldsEffects.swift */,
				ED8A9CFF1E2F5FEF001A2EC8 /* YokoTextField.swift */,
				ED8A9D001E2F5FEF001A2EC8 /* YoshikoTextField.swift */,
			);
			path = TextFieldEffects;
			sourceTree = "<group>";
		};
		EDA402301E24CFAE00E00CCE /* 控制器动画 */ = {
			isa = PBXGroup;
			children = (
				EDA402311E24D00C00E00CCE /* LLAnimationTabBarController.swift */,
				EDDD54AE1E25EDDA00E3DC1F /* LLMainTabarController.swift */,
			);
			path = "控制器动画";
			sourceTree = "<group>";
		};
/* End PBXGroup section */

/* Begin PBXNativeTarget section */
		ED3DB5261DEA8C490030B3BC /* LLTVShow */ = {
			isa = PBXNativeTarget;
			buildConfigurationList = ED3DB5391DEA8C490030B3BC /* Build configuration list for PBXNativeTarget "LLTVShow" */;
			buildPhases = (
				ED3DB5231DEA8C490030B3BC /* Sources */,
				ED3DB5241DEA8C490030B3BC /* Frameworks */,
				ED3DB5251DEA8C490030B3BC /* Resources */,
			);
			buildRules = (
			);
			dependencies = (
			);
			name = LLTVShow;
			productName = LLTVShow;
			productReference = ED3DB5271DEA8C490030B3BC /* LLTVShow.app */;
			productType = "com.apple.product-type.application";
		};
/* End PBXNativeTarget section */

/* Begin PBXProject section */
		ED3DB51F1DEA8C490030B3BC /* Project object */ = {
			isa = PBXProject;
			attributes = {
				CLASSPREFIX = LL;
				LastSwiftUpdateCheck = 0810;
				LastUpgradeCheck = 0820;
				ORGANIZATIONNAME = lotawei;
				TargetAttributes = {
					ED3DB5261DEA8C490030B3BC = {
						CreatedOnToolsVersion = 8.1;
						DevelopmentTeam = ZHT99R3SEW;
						LastSwiftMigration = 0810;
						ProvisioningStyle = Automatic;
					};
				};
			};
			buildConfigurationList = ED3DB5221DEA8C490030B3BC /* Build configuration list for PBXProject "LLTVShow" */;
			compatibilityVersion = "Xcode 3.2";
			developmentRegion = English;
			hasScannedForEncodings = 0;
			knownRegions = (
				en,
				Base,
			);
			mainGroup = ED3DB51E1DEA8C490030B3BC;
			productRefGroup = ED3DB5281DEA8C490030B3BC /* Products */;
			projectDirPath = "";
			projectRoot = "";
			targets = (
				ED3DB5261DEA8C490030B3BC /* LLTVShow */,
			);
		};
/* End PBXProject section */

/* Begin PBXResourcesBuildPhase section */
		ED3DB5251DEA8C490030B3BC /* Resources */ = {
			isa = PBXResourcesBuildPhase;
			buildActionMask = 2147483647;
			files = (
				EDF88B391E4D62AF0034CAAF /* Launch Screen.storyboard in Resources */,
				ED266E8F1DF9941F0083E31F /* Images.xcassets in Resources */,
				ED420D8F1E4C500E00C0EB4E /* MJRefresh.bundle in Resources */,
				ED8A9D031E2F5FEF001A2EC8 /* Info.plist in Resources */,
				ED59FB661E2F037F00216063 /* LLLoginViewController.xib in Resources */,
				ED3DB5301DEA8C490030B3BC /* Main.storyboard in Resources */,
			);
			runOnlyForDeploymentPostprocessing = 0;
		};
/* End PBXResourcesBuildPhase section */

/* Begin PBXSourcesBuildPhase section */
		ED3DB5231DEA8C490030B3BC /* Sources */ = {
			isa = PBXSourcesBuildPhase;
			buildActionMask = 2147483647;
			files = (
				EDF88B3D1E4D67C50034CAAF /* LLAcountViewController.swift in Sources */,
				ED420D911E4C500E00C0EB4E /* UIScrollView+MJExtension.m in Sources */,
				ED420D831E4C500D00C0EB4E /* MJRefreshComponent.m in Sources */,
				ED59FB5C1E2EFFA800216063 /* UIImage+extension.swift in Sources */,
				ED59FB5B1E2EFFA800216063 /* UIDevice+extension.swift in Sources */,
				ED420D511E4C4E7300C0EB4E /* LLBaseTableView.swift in Sources */,
				ED420D821E4C500D00C0EB4E /* MJRefreshBackFooter.m in Sources */,
				ED8A9D061E2F5FEF001A2EC8 /* KaedeTextField.swift in Sources */,
				ED59FB511E2EFF8100216063 /* LLLoginViewController.swift in Sources */,
				ED420D861E4C500D00C0EB4E /* MJRefreshAutoGifFooter.m in Sources */,
				ED420D881E4C500D00C0EB4E /* MJRefreshAutoStateFooter.m in Sources */,
				ED59FB5A1E2EFFA800216063 /* UIColor+extension.swift in Sources */,
				ED59FB601E2EFFD600216063 /* UIButton+extension.swift in Sources */,
				EDA402321E24D00C00E00CCE /* LLAnimationTabBarController.swift in Sources */,
				ED8A9D071E2F5FEF001A2EC8 /* MadokaTextField.swift in Sources */,
				ED8A9D011E2F5FEF001A2EC8 /* AkiraTextField.swift in Sources */,
				ED59FB5E1E2EFFC900216063 /* LLUser.swift in Sources */,
				ED59FB591E2EFFA800216063 /* UIBarButtonItem+extension.swift in Sources */,
				ED8A9D081E2F5FEF001A2EC8 /* MinoruTextField.swift in Sources */,
				ED420D8A1E4C500D00C0EB4E /* MJRefreshBackNormalFooter.m in Sources */,
				ED420D8D1E4C500E00C0EB4E /* MJRefreshNormalHeader.m in Sources */,
				ED3DB5571DEA8D910030B3BC /* BaseViewController.swift in Sources */,
				ED59FB581E2EFFA800216063 /* String+extension.swift in Sources */,
				ED420D8B1E4C500D00C0EB4E /* MJRefreshBackStateFooter.m in Sources */,
				ED3DB52B1DEA8C490030B3BC /* AppDelegate.swift in Sources */,
				ED420D8C1E4C500D00C0EB4E /* MJRefreshGifHeader.m in Sources */,
				ED420D871E4C500D00C0EB4E /* MJRefreshAutoNormalFooter.m in Sources */,
				ED8A9D021E2F5FEF001A2EC8 /* HoshiTextField.swift in Sources */,
				ED59FB641E2F036B00216063 /* LLLoginView.swift in Sources */,
				ED420D891E4C500D00C0EB4E /* MJRefreshBackGifFooter.m in Sources */,
				ED420D531E4C4F0D00C0EB4E /* LLBaseCollectionView.swift in Sources */,
				ED3DB55D1DEA9D040030B3BC /* UIViewextension.swift in Sources */,
				ED420D901E4C500E00C0EB4E /* MJRefreshConst.m in Sources */,
				ED420D961E4C504F00C0EB4E /* LLRefreshView.swift in Sources */,
				EDDD54AF1E25EDDA00E3DC1F /* LLMainTabarController.swift in Sources */,
				ED8A9D0B1E2F5FEF001A2EC8 /* YoshikoTextField.swift in Sources */,
				ED8A9D091E2F5FEF001A2EC8 /* TextFieldsEffects.swift in Sources */,
				ED3DC5741E31E340008CA172 /* LLRegisterViewController.swift in Sources */,
				ED441D501E02812C00B84AD4 /* LLCurrentUser.swift in Sources */,
				ED8A9D0A1E2F5FEF001A2EC8 /* YokoTextField.swift in Sources */,
				ED420D931E4C500E00C0EB4E /* UIView+MJExtension.m in Sources */,
				ED59FB621E2F00BF00216063 /* BaseNaVgationController.swift in Sources */,
				ED3DB5551DEA8D410030B3BC /* GlobalConfig.swift in Sources */,
				ED3DC5791E31F3C3008CA172 /* ZYAnimationLayer.m in Sources */,
				ED420D851E4C500D00C0EB4E /* MJRefreshHeader.m in Sources */,
				ED420D8E1E4C500E00C0EB4E /* MJRefreshStateHeader.m in Sources */,
				ED8A9D041E2F5FEF001A2EC8 /* IsaoTextField.swift in Sources */,
				ED420D921E4C500E00C0EB4E /* UIScrollView+MJRefresh.m in Sources */,
				EDF88B3B1E4D67320034CAAF /* LLTVListViewController.swift in Sources */,
				ED420D811E4C500D00C0EB4E /* MJRefreshAutoFooter.m in Sources */,
				ED8A9D051E2F5FEF001A2EC8 /* JiroTextField.swift in Sources */,
				ED420D841E4C500D00C0EB4E /* MJRefreshFooter.m in Sources */,
			);
			runOnlyForDeploymentPostprocessing = 0;
		};
/* End PBXSourcesBuildPhase section */

/* Begin PBXVariantGroup section */
		ED3DB52E1DEA8C490030B3BC /* Main.storyboard */ = {
			isa = PBXVariantGroup;
			children = (
				ED3DB52F1DEA8C490030B3BC /* Base */,
			);
			name = Main.storyboard;
			sourceTree = "<group>";
		};
/* End PBXVariantGroup section */

/* Begin XCBuildConfiguration section */
		ED3DB5371DEA8C490030B3BC /* Debug */ = {
			isa = XCBuildConfiguration;
			buildSettings = {
				ALWAYS_SEARCH_USER_PATHS = NO;
				CLANG_ANALYZER_NONNULL = YES;
				CLANG_CXX_LANGUAGE_STANDARD = "gnu++0x";
				CLANG_CXX_LIBRARY = "libc++";
				CLANG_ENABLE_MODULES = YES;
				CLANG_ENABLE_OBJC_ARC = YES;
				CLANG_WARN_BOOL_CONVERSION = YES;
				CLANG_WARN_CONSTANT_CONVERSION = YES;
				CLANG_WARN_DIRECT_OBJC_ISA_USAGE = YES_ERROR;
				CLANG_WARN_DOCUMENTATION_COMMENTS = YES;
				CLANG_WARN_EMPTY_BODY = YES;
				CLANG_WARN_ENUM_CONVERSION = YES;
				CLANG_WARN_INFINITE_RECURSION = YES;
				CLANG_WARN_INT_CONVERSION = YES;
				CLANG_WARN_OBJC_ROOT_CLASS = YES_ERROR;
				CLANG_WARN_SUSPICIOUS_MOVE = YES;
				CLANG_WARN_SUSPICIOUS_MOVES = YES;
				CLANG_WARN_UNREACHABLE_CODE = YES;
				CLANG_WARN__DUPLICATE_METHOD_MATCH = YES;
				"CODE_SIGN_IDENTITY[sdk=iphoneos*]" = "iPhone Developer";
				COPY_PHASE_STRIP = NO;
				DEBUG_INFORMATION_FORMAT = dwarf;
				ENABLE_STRICT_OBJC_MSGSEND = YES;
				ENABLE_TESTABILITY = YES;
				GCC_C_LANGUAGE_STANDARD = gnu99;
				GCC_DYNAMIC_NO_PIC = NO;
				GCC_NO_COMMON_BLOCKS = YES;
				GCC_OPTIMIZATION_LEVEL = 0;
				GCC_PREPROCESSOR_DEFINITIONS = (
					"DEBUG=1",
					"$(inherited)",
				);
				GCC_WARN_64_TO_32_BIT_CONVERSION = YES;
				GCC_WARN_ABOUT_RETURN_TYPE = YES_ERROR;
				GCC_WARN_UNDECLARED_SELECTOR = YES;
				GCC_WARN_UNINITIALIZED_AUTOS = YES_AGGRESSIVE;
				GCC_WARN_UNUSED_FUNCTION = YES;
				GCC_WARN_UNUSED_VARIABLE = YES;
				IPHONEOS_DEPLOYMENT_TARGET = 10.1;
				MTL_ENABLE_DEBUG_INFO = YES;
				ONLY_ACTIVE_ARCH = YES;
				SDKROOT = iphoneos;
				SWIFT_ACTIVE_COMPILATION_CONDITIONS = DEBUG;
				SWIFT_OPTIMIZATION_LEVEL = "-Onone";
				TARGETED_DEVICE_FAMILY = "1,2";
			};
			name = Debug;
		};
		ED3DB5381DEA8C490030B3BC /* Release */ = {
			isa = XCBuildConfiguration;
			buildSettings = {
				ALWAYS_SEARCH_USER_PATHS = NO;
				CLANG_ANALYZER_NONNULL = YES;
				CLANG_CXX_LANGUAGE_STANDARD = "gnu++0x";
				CLANG_CXX_LIBRARY = "libc++";
				CLANG_ENABLE_MODULES = YES;
				CLANG_ENABLE_OBJC_ARC = YES;
				CLANG_WARN_BOOL_CONVERSION = YES;
				CLANG_WARN_CONSTANT_CONVERSION = YES;
				CLANG_WARN_DIRECT_OBJC_ISA_USAGE = YES_ERROR;
				CLANG_WARN_DOCUMENTATION_COMMENTS = YES;
				CLANG_WARN_EMPTY_BODY = YES;
				CLANG_WARN_ENUM_CONVERSION = YES;
				CLANG_WARN_INFINITE_RECURSION = YES;
				CLANG_WARN_INT_CONVERSION = YES;
				CLANG_WARN_OBJC_ROOT_CLASS = YES_ERROR;
				CLANG_WARN_SUSPICIOUS_MOVE = YES;
				CLANG_WARN_SUSPICIOUS_MOVES = YES;
				CLANG_WARN_UNREACHABLE_CODE = YES;
				CLANG_WARN__DUPLICATE_METHOD_MATCH = YES;
				"CODE_SIGN_IDENTITY[sdk=iphoneos*]" = "iPhone Developer";
				COPY_PHASE_STRIP = NO;
				DEBUG_INFORMATION_FORMAT = "dwarf-with-dsym";
				ENABLE_NS_ASSERTIONS = NO;
				ENABLE_STRICT_OBJC_MSGSEND = YES;
				GCC_C_LANGUAGE_STANDARD = gnu99;
				GCC_NO_COMMON_BLOCKS = YES;
				GCC_WARN_64_TO_32_BIT_CONVERSION = YES;
				GCC_WARN_ABOUT_RETURN_TYPE = YES_ERROR;
				GCC_WARN_UNDECLARED_SELECTOR = YES;
				GCC_WARN_UNINITIALIZED_AUTOS = YES_AGGRESSIVE;
				GCC_WARN_UNUSED_FUNCTION = YES;
				GCC_WARN_UNUSED_VARIABLE = YES;
				IPHONEOS_DEPLOYMENT_TARGET = 10.1;
				MTL_ENABLE_DEBUG_INFO = NO;
				SDKROOT = iphoneos;
				SWIFT_OPTIMIZATION_LEVEL = "-Owholemodule";
				TARGETED_DEVICE_FAMILY = "1,2";
				VALIDATE_PRODUCT = YES;
			};
			name = Release;
		};
		ED3DB53A1DEA8C490030B3BC /* Debug */ = {
			isa = XCBuildConfiguration;
			buildSettings = {
				ASSETCATALOG_COMPILER_APPICON_NAME = AppIcon;
				ASSETCATALOG_COMPILER_LAUNCHIMAGE_NAME = LaunchImage;
				CLANG_ENABLE_MODULES = YES;
				DEVELOPMENT_TEAM = ZHT99R3SEW;
				INFOPLIST_FILE = LLTVShow/Info.plist;
				IPHONEOS_DEPLOYMENT_TARGET = 10.2;
				LD_RUNPATH_SEARCH_PATHS = "$(inherited) @executable_path/Frameworks";
				PRODUCT_BUNDLE_IDENTIFIER = com.lw.cn.LLTVShow;
				PRODUCT_NAME = "$(TARGET_NAME)";
				SWIFT_OBJC_BRIDGING_HEADER = "LLTVShow-Bridging-Header.h";
				SWIFT_OPTIMIZATION_LEVEL = "-Onone";
				SWIFT_VERSION = 3.0;
			};
			name = Debug;
		};
		ED3DB53B1DEA8C490030B3BC /* Release */ = {
			isa = XCBuildConfiguration;
			buildSettings = {
				ASSETCATALOG_COMPILER_APPICON_NAME = AppIcon;
				ASSETCATALOG_COMPILER_LAUNCHIMAGE_NAME = LaunchImage;
				CLANG_ENABLE_MODULES = YES;
				DEVELOPMENT_TEAM = ZHT99R3SEW;
				INFOPLIST_FILE = LLTVShow/Info.plist;
				IPHONEOS_DEPLOYMENT_TARGET = 10.2;
				LD_RUNPATH_SEARCH_PATHS = "$(inherited) @executable_path/Frameworks";
				PRODUCT_BUNDLE_IDENTIFIER = com.lw.cn.LLTVShow;
				PRODUCT_NAME = "$(TARGET_NAME)";
				SWIFT_OBJC_BRIDGING_HEADER = "LLTVShow-Bridging-Header.h";
				SWIFT_VERSION = 3.0;
			};
			name = Release;
		};
/* End XCBuildConfiguration section */

/* Begin XCConfigurationList section */
		ED3DB5221DEA8C490030B3BC /* Build configuration list for PBXProject "LLTVShow" */ = {
			isa = XCConfigurationList;
			buildConfigurations = (
				ED3DB5371DEA8C490030B3BC /* Debug */,
				ED3DB5381DEA8C490030B3BC /* Release */,
			);
			defaultConfigurationIsVisible = 0;
			defaultConfigurationName = Release;
		};
		ED3DB5391DEA8C490030B3BC /* Build configuration list for PBXNativeTarget "LLTVShow" */ = {
			isa = XCConfigurationList;
			buildConfigurations = (
				ED3DB53A1DEA8C490030B3BC /* Debug */,
				ED3DB53B1DEA8C490030B3BC /* Release */,
			);
			defaultConfigurationIsVisible = 0;
			defaultConfigurationName = Release;
		};
/* End XCConfigurationList section */
	};
	rootObject = ED3DB51F1DEA8C490030B3BC /* Project object */;
}
